
Microsoft Visual Studio Solution File, Format Version 12.00
# Visual Studio 15
VisualStudioVersion = 15.0.28307.852
MinimumVisualStudioVersion = 10.0.40219.1
Project("{FAE04EC0-301F-11D3-BF4B-00C04F79EFBC}") = "QuanLyNhanSu", "QuanLyNhanSu\QuanLyNhanSu.csproj", "{BF7B908A-204C-418B-86A1-6B92580C403A}"
EndProject
Project("{54435603-DBB4-11D2-8724-00A0C9A8B90C}") = "SetupQL", "Setup\SetupQL\SetupQL.vdproj", "{49C1307F-518B-4C28-B508-02905E0BC208}"
EndProject
Global
	GlobalSection(SolutionConfigurationPlatforms) = preSolution
		Debug|Any CPU = Debug|Any CPU
		Release|Any CPU = Release|Any CPU
	EndGlobalSection
	GlobalSection(ProjectConfigurationPlatforms) = postSolution
		{BF7B908A-204C-418B-86A1-6B92580C403A}.Debug|Any CPU.ActiveCfg = Debug|Any CPU
		{BF7B908A-204C-418B-86A1-6B92580C403A}.Debug|Any CPU.Build.0 = Debug|Any CPU
		{BF7B908A-204C-418B-86A1-6B92580C403A}.Release|Any CPU.ActiveCfg = Release|Any CPU
		{BF7B908A-204C-418B-86A1-6B92580C403A}.Release|Any CPU.Build.0 = Release|Any CPU
		{49C1307F-518B-4C28-B508-02905E0BC208}.Debug|Any CPU.ActiveCfg = Debug
		{49C1307F-518B-4C28-B508-02905E0BC208}.Release|Any CPU.ActiveCfg = Release
	EndGlobalSection
	GlobalSection(SolutionProperties) = preSolution
		HideSolutionNode = FALSE
	EndGlobalSection
	GlobalSection(ExtensibilityGlobals) = postSolution
		SolutionGuid = {00664AAB-1D10-463E-9AEE-5E1DB5AC6A1D}
	EndGlobalSection
EndGlobal
